
Microsoft Visual Studio Solution File, Format Version 12.00
# Visual Studio 15
VisualStudioVersion = 15.0.27130.2027
MinimumVisualStudioVersion = 10.0.40219.1
Project("{FAE04EC0-301F-11D3-BF4B-00C04F79EFBC}") = "TesteDotNetCausaOnline.WebApp", "TesteDotNetCausaOnline.WebApp\TesteDotNetCausaOnline.WebApp.csproj", "{259DC4A2-C108-4012-B933-7EF114CBF967}"
EndProject
Project("{FAE04EC0-301F-11D3-BF4B-00C04F79EFBC}") = "TesteDotNetCausaOnline.Domain", "TesteDotNetCausaOnline.Domain\TesteDotNetCausaOnline.Domain.csproj", "{7A5C9780-E222-4443-A1B2-8A6D6EC3FBF8}"
EndProject
Project("{FAE04EC0-301F-11D3-BF4B-00C04F79EFBC}") = "TesteDotNetCausaOnline.WebApp.Client", "TesteDotNetCausaOnline.WebApp.Client\TesteDotNetCausaOnline.WebApp.Client.csproj", "{257E6293-BCD4-4D8B-8A10-FFD4F7643C1E}"
EndProject
Global
	GlobalSection(SolutionConfigurationPlatforms) = preSolution
		Debug|Any CPU = Debug|Any CPU
		Release|Any CPU = Release|Any CPU
	EndGlobalSection
	GlobalSection(ProjectConfigurationPlatforms) = postSolution
		{259DC4A2-C108-4012-B933-7EF114CBF967}.Debug|Any CPU.ActiveCfg = Debug|Any CPU
		{259DC4A2-C108-4012-B933-7EF114CBF967}.Debug|Any CPU.Build.0 = Debug|Any CPU
		{259DC4A2-C108-4012-B933-7EF114CBF967}.Release|Any CPU.ActiveCfg = Release|Any CPU
		{259DC4A2-C108-4012-B933-7EF114CBF967}.Release|Any CPU.Build.0 = Release|Any CPU
		{7A5C9780-E222-4443-A1B2-8A6D6EC3FBF8}.Debug|Any CPU.ActiveCfg = Debug|Any CPU
		{7A5C9780-E222-4443-A1B2-8A6D6EC3FBF8}.Debug|Any CPU.Build.0 = Debug|Any CPU
		{7A5C9780-E222-4443-A1B2-8A6D6EC3FBF8}.Release|Any CPU.ActiveCfg = Release|Any CPU
		{7A5C9780-E222-4443-A1B2-8A6D6EC3FBF8}.Release|Any CPU.Build.0 = Release|Any CPU
		{257E6293-BCD4-4D8B-8A10-FFD4F7643C1E}.Debug|Any CPU.ActiveCfg = Debug|Any CPU
		{257E6293-BCD4-4D8B-8A10-FFD4F7643C1E}.Debug|Any CPU.Build.0 = Debug|Any CPU
		{257E6293-BCD4-4D8B-8A10-FFD4F7643C1E}.Release|Any CPU.ActiveCfg = Release|Any CPU
		{257E6293-BCD4-4D8B-8A10-FFD4F7643C1E}.Release|Any CPU.Build.0 = Release|Any CPU
	EndGlobalSection
	GlobalSection(SolutionProperties) = preSolution
		HideSolutionNode = FALSE
	EndGlobalSection
	GlobalSection(ExtensibilityGlobals) = postSolution
		SolutionGuid = {457F344C-3C89-460F-BF58-6C0C0D635DDC}
	EndGlobalSection
EndGlobal
